<?xml version="1.0" encoding="utf-8"?>
<Project ToolsVersion="4.0" xmlns="http://schemas.microsoft.com/developer/msbuild/2003">
  <ItemGroup>
    <Filter Include="Source Files">
      <UniqueIdentifier>{4FC737F1-C7A5-4376-A066-2A32D752A2FF}</UniqueIdentifier>
      <Extensions>cpp;c;cc;cxx;def;odl;idl;hpj;bat;asm;asmx</Extensions>
    </Filter>
    <Filter Include="Header Files">
      <UniqueIdentifier>{93995380-89BD-4b04-88EB-625FBE52EBFB}</UniqueIdentifier>
      <Extensions>h;hh;hpp;hxx;hm;inl;inc;xsd</Extensions>
    </Filter>
    <Filter Include="Resource Files">
      <UniqueIdentifier>{67DA6AB6-F800-4c08-8B7A-83BB121AAD01}</UniqueIdentifier>
      <Extensions>rc;ico;cur;bmp;dlg;rc2;rct;bin;rgs;gif;jpg;jpeg;jpe;resx;tiff;tif;png;wav;mfcribbon-ms</Extensions>
    </Filter>
    <Filter Include="Header Files\Utils">
      <UniqueIdentifier>{a0a1e003-408e-418c-b12f-0838e815d597}</UniqueIdentifier>
    </Filter>
    <Filter Include="Header Files\Utils\Shaders">
      <UniqueIdentifier>{77fd45ba-dba9-4eea-bf05-a7c56e7761d0}</UniqueIdentifier>
    </Filter>
    <Filter Include="Source Files\Utils">
      <UniqueIdentifier>{7ef5236d-82a2-4931-b8fb-00dd056ba551}</UniqueIdentifier>
    </Filter>
    <Filter Include="Source Files\Utils\Shaders">
      <UniqueIdentifier>{85cbbfc5-be68-4d2e-911d-8dcbe0afd94b}</UniqueIdentifier>
    </Filter>
  </ItemGroup>
  <ItemGroup>
    <ClCompile Include="main.cpp">
      <Filter>Source Files</Filter>
    </ClCompile>
    <ClCompile Include="ModelGenerator.cpp">
      <Filter>Source Files</Filter>
    </ClCompile>
    <ClCompile Include="BasicShader.cpp">
      <Filter>Source Files\Utils\Shaders</Filter>
    </ClCompile>
    <ClCompile Include="Shader.cpp">
      <Filter>Source Files\Utils\Shaders</Filter>
    </ClCompile>
    <ClCompile Include="TextureShader.cpp">
      <Filter>Source Files\Utils\Shaders</Filter>
    </ClCompile>
    <ClCompile Include="Camera.cpp">
      <Filter>Source Files\Utils</Filter>
    </ClCompile>
    <ClCompile Include="Texture.cpp">
      <Filter>Source Files\Utils</Filter>
    </ClCompile>
    <ClCompile Include="Model.cpp">
      <Filter>Source Files\Utils</Filter>
    </ClCompile>
    <ClCompile Include="Scene.cpp">
      <Filter>Source Files</Filter>
    </ClCompile>
    <ClCompile Include="LightShader.cpp">
      <Filter>Source Files\Utils\Shaders</Filter>
    </ClCompile>
    <ClCompile Include="OmniLight.cpp">
      <Filter>Source Files\Utils</Filter>
    </ClCompile>
    <ClCompile Include="FlyingCameraController.cpp">
      <Filter>Source Files</Filter>
    </ClCompile>
    <ClCompile Include="Terrain.cpp">
      <Filter>Source Files</Filter>
    </ClCompile>
    <ClCompile Include="TextureLightShader.cpp">
      <Filter>Source Files\Utils\Shaders</Filter>
    </ClCompile>
    <ClCompile Include="HarvesterBody.cpp">
      <Filter>Source Files</Filter>
    </ClCompile>
    <ClCompile Include="HarvesterChassis.cpp">
      <Filter>Source Files</Filter>
    </ClCompile>
    <ClCompile Include="HarvesterBeam.cpp">
      <Filter>Source Files</Filter>
    </ClCompile>
    <ClCompile Include="Harvester.cpp">
      <Filter>Source Files</Filter>
    </ClCompile>
  </ItemGroup>
  <ItemGroup>
    <None Include="basic.frag">
      <Filter>Resource Files</Filter>
    </None>
    <None Include="basic.vert">
      <Filter>Resource Files</Filter>
    </None>
    <None Include="double_texture.frag">
      <Filter>Resource Files</Filter>
    </None>
    <None Include="texture.frag">
      <Filter>Resource Files</Filter>
    </None>
    <None Include="texture.vert">
      <Filter>Resource Files</Filter>
    </None>
    <None Include="light.vert">
      <Filter>Resource Files</Filter>
    </None>
    <None Include="light.frag">
      <Filter>Resource Files</Filter>
    </None>
    <None Include="texture_light.vert">
      <Filter>Resource Files</Filter>
    </None>
    <None Include="texture_light.frag">
      <Filter>Resource Files</Filter>
    </None>
  </ItemGroup>
  <ItemGroup>
    <Image Include="tough_grass.png">
      <Filter>Resource Files</Filter>
    </Image>
  </ItemGroup>
  <ItemGroup>
    <ClInclude Include="Camera.h">
      <Filter>Header Files\Utils</Filter>
    </ClInclude>
    <ClInclude Include="Model.h">
      <Filter>Header Files\Utils</Filter>
    </ClInclude>
    <ClInclude Include="Texture.h">
      <Filter>Header Files\Utils</Filter>
    </ClInclude>
    <ClInclude Include="BasicShader.h">
      <Filter>Header Files\Utils\Shaders</Filter>
    </ClInclude>
    <ClInclude Include="LightShader.h">
      <Filter>Header Files\Utils\Shaders</Filter>
    </ClInclude>
    <ClInclude Include="Shader.h">
      <Filter>Header Files\Utils\Shaders</Filter>
    </ClInclude>
    <ClInclude Include="TextureShader.h">
      <Filter>Header Files\Utils\Shaders</Filter>
    </ClInclude>
    <ClInclude Include="OmniLight.h">
      <Filter>Header Files\Utils</Filter>
    </ClInclude>
    <ClInclude Include="ModelGenerator.h">
      <Filter>Header Files</Filter>
    </ClInclude>
    <ClInclude Include="Scene.h">
      <Filter>Header Files</Filter>
    </ClInclude>
    <ClInclude Include="Vertex.h">
      <Filter>Header Files\Utils</Filter>
    </ClInclude>
    <ClInclude Include="FlyingCameraController.h">
      <Filter>Header Files</Filter>
    </ClInclude>
    <ClInclude Include="Terrain.h">
      <Filter>Header Files</Filter>
    </ClInclude>
    <ClInclude Include="TextureLightShader.h">
      <Filter>Header Files\Utils\Shaders</Filter>
    </ClInclude>
    <ClInclude Include="Harvester.h">
      <Filter>Header Files</Filter>
    </ClInclude>
    <ClInclude Include="HarvesterBeam.h">
      <Filter>Header Files</Filter>
    </ClInclude>
    <ClInclude Include="HarvesterBody.h">
      <Filter>Header Files</Filter>
    </ClInclude>
    <ClInclude Include="HarvesterChassis.h">
      <Filter>Header Files</Filter>
    </ClInclude>
  </ItemGroup>
</Project>